
Microsoft Visual Studio Solution File, Format Version 12.00
# Visual Studio Version 16
VisualStudioVersion = 16.0.29709.97
MinimumVisualStudioVersion = 10.0.40219.1
Project("{FAE04EC0-301F-11D3-BF4B-00C04F79EFBC}") = "ConsoleApp2", "ConsoleApp2\ConsoleApp2.csproj", "{2EFA06DF-E3EC-4979-AAE3-2E244148890E}"
EndProject
Global
	GlobalSection(SolutionConfigurationPlatforms) = preSolution
		Debug|Any CPU = Debug|Any CPU
		Release|Any CPU = Release|Any CPU
	EndGlobalSection
	GlobalSection(ProjectConfigurationPlatforms) = postSolution
		{2EFA06DF-E3EC-4979-AAE3-2E244148890E}.Debug|Any CPU.ActiveCfg = Debug|Any CPU
		{2EFA06DF-E3EC-4979-AAE3-2E244148890E}.Debug|Any CPU.Build.0 = Debug|Any CPU
		{2EFA06DF-E3EC-4979-AAE3-2E244148890E}.Release|Any CPU.ActiveCfg = Release|Any CPU
		{2EFA06DF-E3EC-4979-AAE3-2E244148890E}.Release|Any CPU.Build.0 = Release|Any CPU
	EndGlobalSection
	GlobalSection(SolutionProperties) = preSolution
		HideSolutionNode = FALSE
	EndGlobalSection
	GlobalSection(ExtensibilityGlobals) = postSolution
		SolutionGuid = {4CC59DDA-EF78-463D-963F-8E2E072DA3C4}
	EndGlobalSection
EndGlobal
